
Microsoft Visual Studio Solution File, Format Version 12.00
# Visual Studio Version 16
VisualStudioVersion = 16.0.30114.105
MinimumVisualStudioVersion = 10.0.40219.1
Project("{FAE04EC0-301F-11D3-BF4B-00C04F79EFBC}") = "ClockLibrary", "ClockLibrary\ClockLibrary.csproj", "{AE984344-1FC0-4F76-9115-340F98DD7B2F}"
EndProject
Project("{FAE04EC0-301F-11D3-BF4B-00C04F79EFBC}") = "ClockConsole", "ClockConsole\ClockConsole.csproj", "{AB46C195-4C4D-4CC2-955A-1F041D82762C}"
EndProject
Global
	GlobalSection(SolutionConfigurationPlatforms) = preSolution
		Debug|Any CPU = Debug|Any CPU
		Release|Any CPU = Release|Any CPU
	EndGlobalSection
	GlobalSection(ProjectConfigurationPlatforms) = postSolution
		{AE984344-1FC0-4F76-9115-340F98DD7B2F}.Debug|Any CPU.ActiveCfg = Debug|Any CPU
		{AE984344-1FC0-4F76-9115-340F98DD7B2F}.Debug|Any CPU.Build.0 = Debug|Any CPU
		{AE984344-1FC0-4F76-9115-340F98DD7B2F}.Release|Any CPU.ActiveCfg = Release|Any CPU
		{AE984344-1FC0-4F76-9115-340F98DD7B2F}.Release|Any CPU.Build.0 = Release|Any CPU
		{AB46C195-4C4D-4CC2-955A-1F041D82762C}.Debug|Any CPU.ActiveCfg = Debug|Any CPU
		{AB46C195-4C4D-4CC2-955A-1F041D82762C}.Debug|Any CPU.Build.0 = Debug|Any CPU
		{AB46C195-4C4D-4CC2-955A-1F041D82762C}.Release|Any CPU.ActiveCfg = Release|Any CPU
		{AB46C195-4C4D-4CC2-955A-1F041D82762C}.Release|Any CPU.Build.0 = Release|Any CPU
	EndGlobalSection
	GlobalSection(SolutionProperties) = preSolution
		HideSolutionNode = FALSE
	EndGlobalSection
	GlobalSection(ExtensibilityGlobals) = postSolution
		SolutionGuid = {035B4AF0-1503-49EB-B8F3-5F71405BF568}
	EndGlobalSection
EndGlobal
